
Microsoft Visual Studio Solution File, Format Version 12.00
# Visual Studio Version 16
VisualStudioVersion = 16.0.30621.155
MinimumVisualStudioVersion = 10.0.40219.1
Project("{FAE04EC0-301F-11D3-BF4B-00C04F79EFBC}") = "BanVeMayBay", "BanVeMayBay\BanVeMayBay\BanVeMayBay.csproj", "{D72F0A94-1123-4970-8BE6-94378CF67BF9}"
EndProject
Global
	GlobalSection(SolutionConfigurationPlatforms) = preSolution
		Debug|Any CPU = Debug|Any CPU
		Release|Any CPU = Release|Any CPU
	EndGlobalSection
	GlobalSection(ProjectConfigurationPlatforms) = postSolution
		{D72F0A94-1123-4970-8BE6-94378CF67BF9}.Debug|Any CPU.ActiveCfg = Debug|Any CPU
		{D72F0A94-1123-4970-8BE6-94378CF67BF9}.Debug|Any CPU.Build.0 = Debug|Any CPU
		{D72F0A94-1123-4970-8BE6-94378CF67BF9}.Release|Any CPU.ActiveCfg = Release|Any CPU
		{D72F0A94-1123-4970-8BE6-94378CF67BF9}.Release|Any CPU.Build.0 = Release|Any CPU
	EndGlobalSection
	GlobalSection(SolutionProperties) = preSolution
		HideSolutionNode = FALSE
	EndGlobalSection
	GlobalSection(ExtensibilityGlobals) = postSolution
		SolutionGuid = {0D106E16-0190-434B-A845-6F218468783F}
	EndGlobalSection
EndGlobal
